
Microsoft Visual Studio Solution File, Format Version 12.00
# Visual Studio Version 17
VisualStudioVersion = 17.0.32112.339
MinimumVisualStudioVersion = 10.0.40219.1
Project("{9A19103F-16F7-4668-BE54-9A1E7A4F7556}") = "GeradorTestes.Dominio", "GeradorTestes.Dominio\GeradorTestes.Dominio.csproj", "{AF9922EA-4E1C-4996-968C-28DAF0C87122}"
EndProject
Project("{9A19103F-16F7-4668-BE54-9A1E7A4F7556}") = "GeradorTestes.Infra.Arquivos", "GeradorTestes.Infra.Arquivos\GeradorTestes.Infra.Arquivos.csproj", "{966E7447-E464-4510-A9AF-8308E60EF778}"
EndProject
Project("{9A19103F-16F7-4668-BE54-9A1E7A4F7556}") = "GeradorTeste.WinApp", "GeradorTeste.WinApp\GeradorTeste.WinApp.csproj", "{24A7D815-78FB-4699-BA44-297F1F4223EF}"
EndProject
Project("{2150E333-8FDC-42A3-9474-1A3956D46DE8}") = "1. Apresentação", "1. Apresentação", "{666F247A-B42F-4E8E-A782-15915392AA9D}"
EndProject
Project("{2150E333-8FDC-42A3-9474-1A3956D46DE8}") = "3. Domínio", "3. Domínio", "{AC992DAA-04B6-46C1-8A59-DD1E1E6206E0}"
EndProject
Project("{2150E333-8FDC-42A3-9474-1A3956D46DE8}") = "4. Infra", "4. Infra", "{79C31A58-2096-420B-B48C-0B5F3BFE5B8B}"
EndProject
Project("{2150E333-8FDC-42A3-9474-1A3956D46DE8}") = "Arquivos", "Arquivos", "{030E606A-3B1C-422E-8547-DC6D914E6EE8}"
EndProject
Project("{2150E333-8FDC-42A3-9474-1A3956D46DE8}") = "Banco de Dados", "Banco de Dados", "{EB53B593-E10D-4D2A-99AF-08DEDC291FD8}"
EndProject
Project("{2150E333-8FDC-42A3-9474-1A3956D46DE8}") = "Sql", "Sql", "{4D489894-7569-4825-8222-95B040BE43D0}"
EndProject
Project("{9A19103F-16F7-4668-BE54-9A1E7A4F7556}") = "GeradorTestes.Infra.Sql", "GeradorTestes.Infra.Sql\GeradorTestes.Infra.Sql.csproj", "{F686001C-D18B-4EE9-BED4-5E3152AD7712}"
EndProject
Project("{9A19103F-16F7-4668-BE54-9A1E7A4F7556}") = "GeradorTeste.ConsoleApp", "GeradorTeste.ConsoleApp\GeradorTeste.ConsoleApp.csproj", "{A57DC31D-F366-4B07-811D-74F761AC432F}"
EndProject
Project("{2150E333-8FDC-42A3-9474-1A3956D46DE8}") = "Massa de Dados", "Massa de Dados", "{C5513FD2-32B0-4A33-B697-DD5E0ACA0854}"
EndProject
Project("{9A19103F-16F7-4668-BE54-9A1E7A4F7556}") = "GeradorTeste.Infra.MassaDados", "GeradorTeste.Infra.MassaDados\GeradorTeste.Infra.MassaDados.csproj", "{C4871C17-31BC-4642-96E9-8BADC74A40D8}"
EndProject
Project("{2150E333-8FDC-42A3-9474-1A3956D46DE8}") = "Acesso a Dados", "Acesso a Dados", "{697C98B8-5A55-424B-9F49-C0566BCCEC9B}"
EndProject
Project("{2150E333-8FDC-42A3-9474-1A3956D46DE8}") = "PDF", "PDF", "{C8CB4103-0A0A-412B-A4B3-45A2B8C26A17}"
EndProject
Project("{9A19103F-16F7-4668-BE54-9A1E7A4F7556}") = "GeradorTeste.Infra.Pdf", "GeradorTeste.Infra.Pdf\GeradorTeste.Infra.Pdf.csproj", "{C086B6F2-05A6-4AD4-A2F5-8C6B738078AE}"
EndProject
Project("{2150E333-8FDC-42A3-9474-1A3956D46DE8}") = "2. Aplicação", "2. Aplicação", "{E13DDCED-BD67-4541-8251-E7B44D1BAF55}"
EndProject
Project("{FAE04EC0-301F-11D3-BF4B-00C04F79EFBC}") = "GeradorTeste.Aplicacao", "GeradorTeste.Aplicacao\GeradorTeste.Aplicacao.csproj", "{552D4D1F-5C30-4AB8-BCA2-AD49BBB49E79}"
EndProject
Global
	GlobalSection(SolutionConfigurationPlatforms) = preSolution
		Debug|Any CPU = Debug|Any CPU
		Release|Any CPU = Release|Any CPU
	EndGlobalSection
	GlobalSection(ProjectConfigurationPlatforms) = postSolution
		{AF9922EA-4E1C-4996-968C-28DAF0C87122}.Debug|Any CPU.ActiveCfg = Debug|Any CPU
		{AF9922EA-4E1C-4996-968C-28DAF0C87122}.Debug|Any CPU.Build.0 = Debug|Any CPU
		{AF9922EA-4E1C-4996-968C-28DAF0C87122}.Release|Any CPU.ActiveCfg = Release|Any CPU
		{AF9922EA-4E1C-4996-968C-28DAF0C87122}.Release|Any CPU.Build.0 = Release|Any CPU
		{966E7447-E464-4510-A9AF-8308E60EF778}.Debug|Any CPU.ActiveCfg = Debug|Any CPU
		{966E7447-E464-4510-A9AF-8308E60EF778}.Debug|Any CPU.Build.0 = Debug|Any CPU
		{966E7447-E464-4510-A9AF-8308E60EF778}.Release|Any CPU.ActiveCfg = Release|Any CPU
		{966E7447-E464-4510-A9AF-8308E60EF778}.Release|Any CPU.Build.0 = Release|Any CPU
		{24A7D815-78FB-4699-BA44-297F1F4223EF}.Debug|Any CPU.ActiveCfg = Debug|Any CPU
		{24A7D815-78FB-4699-BA44-297F1F4223EF}.Debug|Any CPU.Build.0 = Debug|Any CPU
		{24A7D815-78FB-4699-BA44-297F1F4223EF}.Release|Any CPU.ActiveCfg = Release|Any CPU
		{24A7D815-78FB-4699-BA44-297F1F4223EF}.Release|Any CPU.Build.0 = Release|Any CPU
		{F686001C-D18B-4EE9-BED4-5E3152AD7712}.Debug|Any CPU.ActiveCfg = Debug|Any CPU
		{F686001C-D18B-4EE9-BED4-5E3152AD7712}.Debug|Any CPU.Build.0 = Debug|Any CPU
		{F686001C-D18B-4EE9-BED4-5E3152AD7712}.Release|Any CPU.ActiveCfg = Release|Any CPU
		{F686001C-D18B-4EE9-BED4-5E3152AD7712}.Release|Any CPU.Build.0 = Release|Any CPU
		{A57DC31D-F366-4B07-811D-74F761AC432F}.Debug|Any CPU.ActiveCfg = Debug|Any CPU
		{A57DC31D-F366-4B07-811D-74F761AC432F}.Debug|Any CPU.Build.0 = Debug|Any CPU
		{A57DC31D-F366-4B07-811D-74F761AC432F}.Release|Any CPU.ActiveCfg = Release|Any CPU
		{A57DC31D-F366-4B07-811D-74F761AC432F}.Release|Any CPU.Build.0 = Release|Any CPU
		{C4871C17-31BC-4642-96E9-8BADC74A40D8}.Debug|Any CPU.ActiveCfg = Debug|Any CPU
		{C4871C17-31BC-4642-96E9-8BADC74A40D8}.Debug|Any CPU.Build.0 = Debug|Any CPU
		{C4871C17-31BC-4642-96E9-8BADC74A40D8}.Release|Any CPU.ActiveCfg = Release|Any CPU
		{C4871C17-31BC-4642-96E9-8BADC74A40D8}.Release|Any CPU.Build.0 = Release|Any CPU
		{C086B6F2-05A6-4AD4-A2F5-8C6B738078AE}.Debug|Any CPU.ActiveCfg = Debug|Any CPU
		{C086B6F2-05A6-4AD4-A2F5-8C6B738078AE}.Debug|Any CPU.Build.0 = Debug|Any CPU
		{C086B6F2-05A6-4AD4-A2F5-8C6B738078AE}.Release|Any CPU.ActiveCfg = Release|Any CPU
		{C086B6F2-05A6-4AD4-A2F5-8C6B738078AE}.Release|Any CPU.Build.0 = Release|Any CPU
		{552D4D1F-5C30-4AB8-BCA2-AD49BBB49E79}.Debug|Any CPU.ActiveCfg = Debug|Any CPU
		{552D4D1F-5C30-4AB8-BCA2-AD49BBB49E79}.Debug|Any CPU.Build.0 = Debug|Any CPU
		{552D4D1F-5C30-4AB8-BCA2-AD49BBB49E79}.Release|Any CPU.ActiveCfg = Release|Any CPU
		{552D4D1F-5C30-4AB8-BCA2-AD49BBB49E79}.Release|Any CPU.Build.0 = Release|Any CPU
	EndGlobalSection
	GlobalSection(SolutionProperties) = preSolution
		HideSolutionNode = FALSE
	EndGlobalSection
	GlobalSection(NestedProjects) = preSolution
		{AF9922EA-4E1C-4996-968C-28DAF0C87122} = {AC992DAA-04B6-46C1-8A59-DD1E1E6206E0}
		{966E7447-E464-4510-A9AF-8308E60EF778} = {030E606A-3B1C-422E-8547-DC6D914E6EE8}
		{24A7D815-78FB-4699-BA44-297F1F4223EF} = {666F247A-B42F-4E8E-A782-15915392AA9D}
		{030E606A-3B1C-422E-8547-DC6D914E6EE8} = {697C98B8-5A55-424B-9F49-C0566BCCEC9B}
		{EB53B593-E10D-4D2A-99AF-08DEDC291FD8} = {697C98B8-5A55-424B-9F49-C0566BCCEC9B}
		{4D489894-7569-4825-8222-95B040BE43D0} = {EB53B593-E10D-4D2A-99AF-08DEDC291FD8}
		{F686001C-D18B-4EE9-BED4-5E3152AD7712} = {4D489894-7569-4825-8222-95B040BE43D0}
		{A57DC31D-F366-4B07-811D-74F761AC432F} = {666F247A-B42F-4E8E-A782-15915392AA9D}
		{C5513FD2-32B0-4A33-B697-DD5E0ACA0854} = {79C31A58-2096-420B-B48C-0B5F3BFE5B8B}
		{C4871C17-31BC-4642-96E9-8BADC74A40D8} = {C5513FD2-32B0-4A33-B697-DD5E0ACA0854}
		{697C98B8-5A55-424B-9F49-C0566BCCEC9B} = {79C31A58-2096-420B-B48C-0B5F3BFE5B8B}
		{C8CB4103-0A0A-412B-A4B3-45A2B8C26A17} = {79C31A58-2096-420B-B48C-0B5F3BFE5B8B}
		{C086B6F2-05A6-4AD4-A2F5-8C6B738078AE} = {C8CB4103-0A0A-412B-A4B3-45A2B8C26A17}
		{552D4D1F-5C30-4AB8-BCA2-AD49BBB49E79} = {E13DDCED-BD67-4541-8251-E7B44D1BAF55}
	EndGlobalSection
	GlobalSection(ExtensibilityGlobals) = postSolution
		SolutionGuid = {6F2F0F10-A13A-483F-816B-A6B4344D4547}
	EndGlobalSection
EndGlobal
